{
  "name": "vanilla_import",
  "version": "1.0.0",
  "lockfileVersion": 2,
  "requires": true,
  "packages": {
    "": {
      "name": "vanilla_import",
      "version": "1.0.0",
      "license": "ISC",
      "dependencies": {
        "notes-widget": "https://gitpkg.now.sh/nbdehlen/notes-app/dist?master"
      }
    },
    "node_modules/notes-widget": {
      "version": "1.0.0",
      "resolved": "https://gitpkg.now.sh/nbdehlen/notes-app/dist?master",
      "integrity": "sha512-bKHbVi0kJWx4QgfMNohQRpykRe6h1H7fJz3yXFgyNf05+ORxH9jiXL7Qs/BJxAuD7cSh3cWiRtZ4t/5XNK6Ang==",
      "license": "ISC"
    }
  },
  "dependencies": {
    "notes-widget": {
      "version": "https://gitpkg.now.sh/nbdehlen/notes-app/dist?master",
      "integrity": "sha512-bKHbVi0kJWx4QgfMNohQRpykRe6h1H7fJz3yXFgyNf05+ORxH9jiXL7Qs/BJxAuD7cSh3cWiRtZ4t/5XNK6Ang=="
    }
  }
}
