{
  "name": "vanilla_import",
  "version": "1.0.0",
  "lockfileVersion": 2,
  "requires": true,
  "packages": {
    "": {
      "name": "vanilla_import",
      "version": "1.0.0",
      "license": "ISC",
      "dependencies": {
        "notes-widget": "https://gitpkg.now.sh/nbdehlen/notes-app/dist?master"
      }
    },
    "node_modules/notes-widget": {
      "version": "1.0.0",
      "resolved": "https://gitpkg.now.sh/nbdehlen/notes-app/dist?master",
      "integrity": "sha512-ANgSAg+XqPzQLfyApzwliCPFMEEcTeG3OTEfHik9fhi4Q7BWOHw9RdaKZVlVFudr8NB5KP6opWiYFgyZUJAoMw==",
      "license": "ISC"
    }
  },
  "dependencies": {
    "notes-widget": {
      "version": "https://gitpkg.now.sh/nbdehlen/notes-app/dist?master",
      "integrity": "sha512-ANgSAg+XqPzQLfyApzwliCPFMEEcTeG3OTEfHik9fhi4Q7BWOHw9RdaKZVlVFudr8NB5KP6opWiYFgyZUJAoMw=="
    }
  }
}
