{
  "name": "vanilla_import",
  "version": "1.0.0",
  "lockfileVersion": 2,
  "requires": true,
  "packages": {
    "": {
      "name": "vanilla_import",
      "version": "1.0.0",
      "license": "ISC",
      "dependencies": {
        "notes-widget": "https://gitpkg.now.sh/nbdehlen/notes-app/dist?master"
      }
    },
    "node_modules/notes-widget": {
      "name": "notes-component",
      "version": "1.0.0",
      "resolved": "https://gitpkg.now.sh/nbdehlen/notes-app/dist?master",
      "integrity": "sha512-gjoYvVzddjoKKLx20/+WhJi69xCnHuZu29Otz6qOX8Je5x+lkkq/4XP9+0wP1s1XH0Pte/ApW+uUNmfYp2FHYg==",
      "license": "ISC"
    }
  },
  "dependencies": {
    "notes-widget": {
      "version": "https://gitpkg.now.sh/nbdehlen/notes-app/dist?master",
      "integrity": "sha512-gjoYvVzddjoKKLx20/+WhJi69xCnHuZu29Otz6qOX8Je5x+lkkq/4XP9+0wP1s1XH0Pte/ApW+uUNmfYp2FHYg=="
    }
  }
}
